{
  "version": 4,
  "terraform_version": "0.13.0",
  "serial": 731,
  "lineage": "f34274eb-8023-fa63-0017-92c5b47bf62b",
  "outputs": {},
  "resources": [
    {
      "module": "module.creating_autoscaling_groups",
      "mode": "managed",
      "type": "aws_autoscaling_group",
      "name": "example",
      "provider": "provider[\"registry.terraform.io/hashicorp/aws\"]",
      "instances": [
        {
          "schema_version": 0,
          "attributes": {
            "arn": "arn:aws:autoscaling:eu-central-1:404055573073:autoScalingGroup:3b64495b-d04a-4477-b68f-22f952da499a:autoScalingGroupName/tf-asg-20201007144927548900000003",
            "availability_zones": [
              "eu-central-1b",
              "eu-central-1c"
            ],
            "default_cooldown": 300,
            "desired_capacity": 2,
            "enabled_metrics": null,
            "force_delete": false,
            "health_check_grace_period": 300,
            "health_check_type": "ELB",
            "id": "tf-asg-20201007144927548900000003",
            "initial_lifecycle_hook": [],
            "launch_configuration": "terraform-20201007144925047700000002",
            "launch_template": [],
            "load_balancers": null,
            "max_instance_lifetime": 0,
            "max_size": 10,
            "metrics_granularity": "1Minute",
            "min_elb_capacity": null,
            "min_size": 2,
            "mixed_instances_policy": [],
            "name": "tf-asg-20201007144927548900000003",
            "name_prefix": null,
            "placement_group": "",
            "protect_from_scale_in": false,
            "service_linked_role_arn": "arn:aws:iam::404055573073:role/aws-service-role/autoscaling.amazonaws.com/AWSServiceRoleForAutoScaling",
            "suspended_processes": null,
            "tag": [
              {
                "key": "Name",
                "propagate_at_launch": true,
                "value": "sks-api-asg"
              }
            ],
            "tags": null,
            "target_group_arns": [
              "arn:aws:elasticloadbalancing:eu-central-1:404055573073:targetgroup/SokoShopper-API-target-group/24085a757ee4a42d"
            ],
            "termination_policies": null,
            "timeouts": null,
            "vpc_zone_identifier": [
              "subnet-0cb3b50a28cf306e3",
              "subnet-0f1891a391148cc4c"
            ],
            "wait_for_capacity_timeout": "10m",
            "wait_for_elb_capacity": null
          },
          "private": "eyJlMmJmYjczMC1lY2FhLTExZTYtOGY4OC0zNDM2M2JjN2M0YzAiOnsiZGVsZXRlIjo2MDAwMDAwMDAwMDB9fQ==",
          "dependencies": [
            "module.creating_alb.aws_lb_target_group.my-target-group",
            "module.creating_autoscaling_groups.aws_launch_configuration.sks_api_launch_config",
            "module.creating_vpc.aws_security_group.allow_http_https",
            "module.creating_vpc.aws_subnet.public_subnet_A",
            "module.creating_vpc.aws_subnet.public_subnet_B",
            "module.creating_vpc.aws_vpc.main_network"
          ]
        }
      ]
    },
    {
      "module": "module.creating_vpc",
      "mode": "managed",
      "type": "aws_eip",
      "name": "nat_gateway_eip",
      "provider": "provider[\"registry.terraform.io/hashicorp/aws\"]",
      "instances": [
        {
          "schema_version": 0,
          "attributes": {
            "allocation_id": null,
            "associate_with_private_ip": null,
            "association_id": "",
            "customer_owned_ip": "",
            "customer_owned_ipv4_pool": "",
            "domain": "vpc",
            "id": "eipalloc-07c00a5823fd1973f",
            "instance": "",
            "network_interface": "",
            "private_dns": null,
            "private_ip": "",
            "public_dns": "ec2-18-192-137-185.eu-central-1.compute.amazonaws.com",
            "public_ip": "18.192.137.185",
            "public_ipv4_pool": "amazon",
            "tags": {
              "Name": "Sokoshopper-EIP"
            },
            "timeouts": null,
            "vpc": true
          },
          "private": "eyJlMmJmYjczMC1lY2FhLTExZTYtOGY4OC0zNDM2M2JjN2M0YzAiOnsiZGVsZXRlIjoxODAwMDAwMDAwMDAsInJlYWQiOjkwMDAwMDAwMDAwMCwidXBkYXRlIjozMDAwMDAwMDAwMDB9fQ==",
          "dependencies": [
            "module.creating_vpc.aws_internet_gateway.main_gw",
            "module.creating_vpc.aws_vpc.main_network"
          ]
        }
      ]
    },
    {
      "module": "module.creating_vpc",
      "mode": "managed",
      "type": "aws_internet_gateway",
      "name": "main_gw",
      "provider": "provider[\"registry.terraform.io/hashicorp/aws\"]",
      "instances": [
        {
          "schema_version": 0,
          "attributes": {
            "arn": "arn:aws:ec2:eu-central-1:404055573073:internet-gateway/igw-0964d85504f781b58",
            "id": "igw-0964d85504f781b58",
            "owner_id": "404055573073",
            "tags": {
              "Name": "SokoShopper Internet gateway"
            },
            "vpc_id": "vpc-00604fe3bdb98be4c"
          },
          "private": "bnVsbA==",
          "dependencies": [
            "module.creating_vpc.aws_vpc.main_network"
          ]
        }
      ]
    },
    {
      "module": "module.creating_autoscaling_groups",
      "mode": "managed",
      "type": "aws_launch_configuration",
      "name": "sks_api_launch_config",
      "provider": "provider[\"registry.terraform.io/hashicorp/aws\"]",
      "instances": [
        {
          "schema_version": 0,
          "attributes": {
            "arn": "arn:aws:autoscaling:eu-central-1:404055573073:launchConfiguration:8fc71412-d4eb-4cd3-bcff-48d24bb7fd90:launchConfigurationName/terraform-20201007144925047700000002",
            "associate_public_ip_address": false,
            "ebs_block_device": [],
            "ebs_optimized": false,
            "enable_monitoring": true,
            "ephemeral_block_device": [],
            "iam_instance_profile": "",
            "id": "terraform-20201007144925047700000002",
            "image_id": "ami-0bb629e29a19781d7",
            "instance_type": "t2.micro",
            "key_name": "",
            "name": "terraform-20201007144925047700000002",
            "name_prefix": null,
            "placement_tenancy": null,
            "root_block_device": [],
            "security_groups": [
              "sg-0389aff6073fb59c2"
            ],
            "spot_price": "",
            "user_data": "43eb6a47dcea64a6a6e3291af452946d15cb4e13",
            "user_data_base64": null,
            "vpc_classic_link_id": "",
            "vpc_classic_link_security_groups": null
          },
          "private": "bnVsbA==",
          "dependencies": [
            "module.creating_vpc.aws_security_group.allow_http_https",
            "module.creating_vpc.aws_vpc.main_network"
          ],
          "create_before_destroy": true
        }
      ]
    },
    {
      "module": "module.creating_instances",
      "mode": "managed",
      "type": "aws_launch_template",
      "name": "SokoShopper_API_template",
      "provider": "provider[\"registry.terraform.io/hashicorp/aws\"]",
      "instances": [
        {
          "schema_version": 0,
          "attributes": {
            "arn": "arn:aws:ec2:eu-central-1:404055573073:launch-template/lt-06ad7bdb3a71e5c64",
            "block_device_mappings": [
              {
                "device_name": "/dev/sda1",
                "ebs": [
                  {
                    "delete_on_termination": "",
                    "encrypted": "",
                    "iops": 0,
                    "kms_key_id": "",
                    "snapshot_id": "",
                    "volume_size": 20,
                    "volume_type": ""
                  }
                ],
                "no_device": "",
                "virtual_name": ""
              }
            ],
            "capacity_reservation_specification": [],
            "cpu_options": [
              {
                "core_count": 4,
                "threads_per_core": 2
              }
            ],
            "credit_specification": [
              {
                "cpu_credits": "standard"
              }
            ],
            "default_version": 1,
            "description": "",
            "disable_api_termination": false,
            "ebs_optimized": "true",
            "elastic_gpu_specifications": [],
            "elastic_inference_accelerator": [],
            "hibernation_options": [],
            "iam_instance_profile": [],
            "id": "lt-06ad7bdb3a71e5c64",
            "image_id": "ami-0bb629e29a19781d7",
            "instance_initiated_shutdown_behavior": "terminate",
            "instance_market_options": [],
            "instance_type": "c5.large",
            "kernel_id": "",
            "key_name": "main_key",
            "latest_version": 1,
            "license_specification": [],
            "metadata_options": [],
            "monitoring": [
              {
                "enabled": true
              }
            ],
            "name": "SokoShopper-API",
            "name_prefix": null,
            "network_interfaces": [
              {
                "associate_public_ip_address": "false",
                "delete_on_termination": "",
                "description": "",
                "device_index": 0,
                "ipv4_address_count": 0,
                "ipv4_addresses": null,
                "ipv6_address_count": 0,
                "ipv6_addresses": null,
                "network_interface_id": "",
                "private_ip_address": "",
                "security_groups": null,
                "subnet_id": "subnet-061d480a9afa9d8bf"
              }
            ],
            "placement": [
              {
                "affinity": "",
                "availability_zone": "eu-central-1a",
                "group_name": "",
                "host_id": "",
                "partition_number": 0,
                "spread_domain": "",
                "tenancy": ""
              }
            ],
            "ram_disk_id": "",
            "security_group_names": null,
            "tag_specifications": [
              {
                "resource_type": "instance",
                "tags": {
                  "Name": "SokoShopper-API"
                }
              }
            ],
            "tags": null,
            "update_default_version": null,
            "user_data": "IyEvYmluL2Jhc2gKc3VkbyBhcHQgdXBkYXRlIC15ICYmIHN1ZG8gYXB0IHVwZ3JhZGUgLXkKY2QgL3Zhci93d3cvc29rb3Nob3BwZXIvc2tzLWJhY2tlbmQtYXBpCnN1ZG8gZ2l0IGNoZWNrb3V0IG1hc3RlciAmJiBzdWRvIGdpdCBwdWxsCnBtMiBzdGFydCBiaW4vc2VydmVyLmpz",
            "vpc_security_group_ids": null
          },
          "private": "bnVsbA==",
          "dependencies": [
            "module.creating_vpc.aws_subnet.private_subnet",
            "module.creating_vpc.aws_vpc.main_network"
          ]
        }
      ]
    },
    {
      "module": "module.creating_alb",
      "mode": "managed",
      "type": "aws_lb",
      "name": "my-aws-alb",
      "provider": "provider[\"registry.terraform.io/hashicorp/aws\"]",
      "instances": [
        {
          "schema_version": 0,
          "attributes": {
            "access_logs": [
              {
                "bucket": "",
                "enabled": false,
                "prefix": ""
              }
            ],
            "arn": "arn:aws:elasticloadbalancing:eu-central-1:404055573073:loadbalancer/app/sokoshopper-api-lb/af1a469bef8e7a77",
            "arn_suffix": "app/sokoshopper-api-lb/af1a469bef8e7a77",
            "customer_owned_ipv4_pool": "",
            "dns_name": "internal-sokoshopper-api-lb-828188882.eu-central-1.elb.amazonaws.com",
            "drop_invalid_header_fields": false,
            "enable_cross_zone_load_balancing": null,
            "enable_deletion_protection": false,
            "enable_http2": true,
            "id": "arn:aws:elasticloadbalancing:eu-central-1:404055573073:loadbalancer/app/sokoshopper-api-lb/af1a469bef8e7a77",
            "idle_timeout": 60,
            "internal": true,
            "ip_address_type": "ipv4",
            "load_balancer_type": "application",
            "name": "sokoshopper-api-lb",
            "name_prefix": null,
            "security_groups": [
              "sg-0389aff6073fb59c2"
            ],
            "subnet_mapping": [
              {
                "allocation_id": "",
                "outpost_id": "",
                "private_ipv4_address": "",
                "subnet_id": "subnet-061d480a9afa9d8bf"
              },
              {
                "allocation_id": "",
                "outpost_id": "",
                "private_ipv4_address": "",
                "subnet_id": "subnet-0f1891a391148cc4c"
              }
            ],
            "subnets": [
              "subnet-061d480a9afa9d8bf",
              "subnet-0f1891a391148cc4c"
            ],
            "tags": {
              "Name": "sokoshopper-api-alb"
            },
            "timeouts": null,
            "vpc_id": "vpc-00604fe3bdb98be4c",
            "zone_id": "Z215JYRZR1TBD5"
          },
          "private": "eyJlMmJmYjczMC1lY2FhLTExZTYtOGY4OC0zNDM2M2JjN2M0YzAiOnsiY3JlYXRlIjo2MDAwMDAwMDAwMDAsImRlbGV0ZSI6NjAwMDAwMDAwMDAwLCJ1cGRhdGUiOjYwMDAwMDAwMDAwMH19",
          "dependencies": [
            "module.creating_vpc.aws_security_group.allow_http_https",
            "module.creating_vpc.aws_subnet.private_subnet",
            "module.creating_vpc.aws_subnet.public_subnet_B",
            "module.creating_vpc.aws_vpc.main_network"
          ]
        }
      ]
    },
    {
      "module": "module.creating_alb",
      "mode": "managed",
      "type": "aws_lb_listener",
      "name": "sokoshopper-api-alb-listner",
      "provider": "provider[\"registry.terraform.io/hashicorp/aws\"]",
      "instances": [
        {
          "schema_version": 0,
          "attributes": {
            "arn": "arn:aws:elasticloadbalancing:eu-central-1:404055573073:listener/app/sokoshopper-api-lb/af1a469bef8e7a77/cee1058aea3e7a24",
            "certificate_arn": null,
            "default_action": [
              {
                "authenticate_cognito": [],
                "authenticate_oidc": [],
                "fixed_response": [],
                "forward": [],
                "order": 1,
                "redirect": [],
                "target_group_arn": "arn:aws:elasticloadbalancing:eu-central-1:404055573073:targetgroup/SokoShopper-API-target-group/24085a757ee4a42d",
                "type": "forward"
              }
            ],
            "id": "arn:aws:elasticloadbalancing:eu-central-1:404055573073:listener/app/sokoshopper-api-lb/af1a469bef8e7a77/cee1058aea3e7a24",
            "load_balancer_arn": "arn:aws:elasticloadbalancing:eu-central-1:404055573073:loadbalancer/app/sokoshopper-api-lb/af1a469bef8e7a77",
            "port": 80,
            "protocol": "HTTP",
            "ssl_policy": "",
            "timeouts": null
          },
          "private": "eyJlMmJmYjczMC1lY2FhLTExZTYtOGY4OC0zNDM2M2JjN2M0YzAiOnsicmVhZCI6NjAwMDAwMDAwMDAwfX0=",
          "dependencies": [
            "module.creating_alb.aws_lb.my-aws-alb",
            "module.creating_alb.aws_lb_target_group.my-target-group",
            "module.creating_vpc.aws_security_group.allow_http_https",
            "module.creating_vpc.aws_subnet.private_subnet",
            "module.creating_vpc.aws_subnet.public_subnet_B",
            "module.creating_vpc.aws_vpc.main_network"
          ]
        }
      ]
    },
    {
      "module": "module.creating_instances",
      "mode": "managed",
      "type": "aws_lb_target_group",
      "name": "api_lb",
      "provider": "provider[\"registry.terraform.io/hashicorp/aws\"]",
      "instances": [
        {
          "schema_version": 0,
          "attributes": {
            "arn": "arn:aws:elasticloadbalancing:eu-central-1:404055573073:targetgroup/SokoShopper-API-tg/59f699d894b7a4af",
            "arn_suffix": "targetgroup/SokoShopper-API-tg/59f699d894b7a4af",
            "deregistration_delay": 300,
            "health_check": [
              {
                "enabled": true,
                "healthy_threshold": 5,
                "interval": 30,
                "matcher": "200",
                "path": "/",
                "port": "traffic-port",
                "protocol": "HTTP",
                "timeout": 5,
                "unhealthy_threshold": 2
              }
            ],
            "id": "arn:aws:elasticloadbalancing:eu-central-1:404055573073:targetgroup/SokoShopper-API-tg/59f699d894b7a4af",
            "lambda_multi_value_headers_enabled": false,
            "load_balancing_algorithm_type": "round_robin",
            "name": "SokoShopper-API-tg",
            "name_prefix": null,
            "port": 80,
            "protocol": "HTTP",
            "proxy_protocol_v2": false,
            "slow_start": 0,
            "stickiness": [
              {
                "cookie_duration": 86400,
                "enabled": false,
                "type": "lb_cookie"
              }
            ],
            "tags": null,
            "target_type": "instance",
            "vpc_id": "vpc-00604fe3bdb98be4c"
          },
          "private": "bnVsbA==",
          "dependencies": [
            "module.creating_vpc.aws_vpc.main_network"
          ]
        }
      ]
    },
    {
      "module": "module.creating_alb",
      "mode": "managed",
      "type": "aws_lb_target_group",
      "name": "my-target-group",
      "provider": "provider[\"registry.terraform.io/hashicorp/aws\"]",
      "instances": [
        {
          "schema_version": 0,
          "attributes": {
            "arn": "arn:aws:elasticloadbalancing:eu-central-1:404055573073:targetgroup/SokoShopper-API-target-group/24085a757ee4a42d",
            "arn_suffix": "targetgroup/SokoShopper-API-target-group/24085a757ee4a42d",
            "deregistration_delay": 300,
            "health_check": [
              {
                "enabled": true,
                "healthy_threshold": 5,
                "interval": 10,
                "matcher": "200",
                "path": "/",
                "port": "traffic-port",
                "protocol": "HTTP",
                "timeout": 5,
                "unhealthy_threshold": 2
              }
            ],
            "id": "arn:aws:elasticloadbalancing:eu-central-1:404055573073:targetgroup/SokoShopper-API-target-group/24085a757ee4a42d",
            "lambda_multi_value_headers_enabled": false,
            "load_balancing_algorithm_type": "round_robin",
            "name": "SokoShopper-API-target-group",
            "name_prefix": null,
            "port": 80,
            "protocol": "HTTP",
            "proxy_protocol_v2": false,
            "slow_start": 0,
            "stickiness": [
              {
                "cookie_duration": 86400,
                "enabled": false,
                "type": "lb_cookie"
              }
            ],
            "tags": null,
            "target_type": "instance",
            "vpc_id": "vpc-00604fe3bdb98be4c"
          },
          "private": "bnVsbA==",
          "dependencies": [
            "module.creating_vpc.aws_vpc.main_network"
          ]
        }
      ]
    },
    {
      "module": "module.creating_vpc",
      "mode": "managed",
      "type": "aws_nat_gateway",
      "name": "private_nat_gw",
      "provider": "provider[\"registry.terraform.io/hashicorp/aws\"]",
      "instances": [
        {
          "schema_version": 0,
          "attributes": {
            "allocation_id": "eipalloc-07c00a5823fd1973f",
            "id": "nat-0793fa61a6175adc3",
            "network_interface_id": "eni-003e4abc54cf9c576",
            "private_ip": "10.0.1.162",
            "public_ip": "18.192.137.185",
            "subnet_id": "subnet-0cb3b50a28cf306e3",
            "tags": {
              "Name": "Sokoshopper-nat-gateway"
            }
          },
          "private": "bnVsbA==",
          "dependencies": [
            "module.creating_vpc.aws_eip.nat_gateway_eip",
            "module.creating_vpc.aws_internet_gateway.main_gw",
            "module.creating_vpc.aws_subnet.public_subnet_A",
            "module.creating_vpc.aws_vpc.main_network"
          ]
        }
      ]
    },
    {
      "module": "module.creating_vpc",
      "mode": "managed",
      "type": "aws_route_table",
      "name": "private_rtbl",
      "provider": "provider[\"registry.terraform.io/hashicorp/aws\"]",
      "instances": [
        {
          "schema_version": 0,
          "attributes": {
            "id": "rtb-02f74a7509513c750",
            "owner_id": "404055573073",
            "propagating_vgws": [],
            "route": [
              {
                "cidr_block": "0.0.0.0/0",
                "egress_only_gateway_id": "",
                "gateway_id": "nat-0793fa61a6175adc3",
                "instance_id": "",
                "ipv6_cidr_block": "",
                "local_gateway_id": "",
                "nat_gateway_id": "",
                "network_interface_id": "",
                "transit_gateway_id": "",
                "vpc_peering_connection_id": ""
              }
            ],
            "tags": {
              "Name": "SokoShopper-private-rtbl"
            },
            "vpc_id": "vpc-00604fe3bdb98be4c"
          },
          "private": "bnVsbA==",
          "dependencies": [
            "module.creating_vpc.aws_eip.nat_gateway_eip",
            "module.creating_vpc.aws_internet_gateway.main_gw",
            "module.creating_vpc.aws_nat_gateway.private_nat_gw",
            "module.creating_vpc.aws_subnet.public_subnet_A",
            "module.creating_vpc.aws_vpc.main_network"
          ]
        }
      ]
    },
    {
      "module": "module.creating_vpc",
      "mode": "managed",
      "type": "aws_route_table",
      "name": "public_rtbl",
      "provider": "provider[\"registry.terraform.io/hashicorp/aws\"]",
      "instances": [
        {
          "schema_version": 0,
          "attributes": {
            "id": "rtb-0b2a47ccd080b4058",
            "owner_id": "404055573073",
            "propagating_vgws": [],
            "route": [
              {
                "cidr_block": "0.0.0.0/0",
                "egress_only_gateway_id": "",
                "gateway_id": "igw-0964d85504f781b58",
                "instance_id": "",
                "ipv6_cidr_block": "",
                "local_gateway_id": "",
                "nat_gateway_id": "",
                "network_interface_id": "",
                "transit_gateway_id": "",
                "vpc_peering_connection_id": ""
              }
            ],
            "tags": {
              "Name": "SokoShopper-public-rtbl"
            },
            "vpc_id": "vpc-00604fe3bdb98be4c"
          },
          "private": "bnVsbA==",
          "dependencies": [
            "module.creating_vpc.aws_internet_gateway.main_gw",
            "module.creating_vpc.aws_vpc.main_network"
          ]
        }
      ]
    },
    {
      "module": "module.creating_vpc",
      "mode": "managed",
      "type": "aws_route_table_association",
      "name": "asociation_private_sub",
      "provider": "provider[\"registry.terraform.io/hashicorp/aws\"]",
      "instances": [
        {
          "schema_version": 0,
          "attributes": {
            "gateway_id": null,
            "id": "rtbassoc-0a3dfa6e37f593c59",
            "route_table_id": "rtb-02f74a7509513c750",
            "subnet_id": "subnet-061d480a9afa9d8bf"
          },
          "private": "bnVsbA==",
          "dependencies": [
            "module.creating_vpc.aws_eip.nat_gateway_eip",
            "module.creating_vpc.aws_internet_gateway.main_gw",
            "module.creating_vpc.aws_nat_gateway.private_nat_gw",
            "module.creating_vpc.aws_route_table.private_rtbl",
            "module.creating_vpc.aws_subnet.private_subnet",
            "module.creating_vpc.aws_subnet.public_subnet_A",
            "module.creating_vpc.aws_vpc.main_network"
          ]
        }
      ]
    },
    {
      "module": "module.creating_vpc",
      "mode": "managed",
      "type": "aws_route_table_association",
      "name": "asociation_public_sub_a",
      "provider": "provider[\"registry.terraform.io/hashicorp/aws\"]",
      "instances": [
        {
          "schema_version": 0,
          "attributes": {
            "gateway_id": null,
            "id": "rtbassoc-0e326755f60142141",
            "route_table_id": "rtb-0b2a47ccd080b4058",
            "subnet_id": "subnet-0cb3b50a28cf306e3"
          },
          "private": "bnVsbA==",
          "dependencies": [
            "module.creating_vpc.aws_internet_gateway.main_gw",
            "module.creating_vpc.aws_route_table.public_rtbl",
            "module.creating_vpc.aws_subnet.public_subnet_A",
            "module.creating_vpc.aws_vpc.main_network"
          ]
        }
      ]
    },
    {
      "module": "module.creating_vpc",
      "mode": "managed",
      "type": "aws_route_table_association",
      "name": "asociation_public_sub_b",
      "provider": "provider[\"registry.terraform.io/hashicorp/aws\"]",
      "instances": [
        {
          "schema_version": 0,
          "attributes": {
            "gateway_id": null,
            "id": "rtbassoc-0ac0b4410a26a9bb8",
            "route_table_id": "rtb-0b2a47ccd080b4058",
            "subnet_id": "subnet-0f1891a391148cc4c"
          },
          "private": "bnVsbA==",
          "dependencies": [
            "module.creating_vpc.aws_internet_gateway.main_gw",
            "module.creating_vpc.aws_route_table.public_rtbl",
            "module.creating_vpc.aws_subnet.public_subnet_B",
            "module.creating_vpc.aws_vpc.main_network"
          ]
        }
      ]
    },
    {
      "module": "module.creating_vpc",
      "mode": "managed",
      "type": "aws_security_group",
      "name": "allow_http_https",
      "provider": "provider[\"registry.terraform.io/hashicorp/aws\"]",
      "instances": [
        {
          "schema_version": 1,
          "attributes": {
            "arn": "arn:aws:ec2:eu-central-1:404055573073:security-group/sg-0389aff6073fb59c2",
            "description": "Allow TLS inbound traffic",
            "egress": [
              {
                "cidr_blocks": [
                  "0.0.0.0/0"
                ],
                "description": "",
                "from_port": 0,
                "ipv6_cidr_blocks": [],
                "prefix_list_ids": [],
                "protocol": "-1",
                "security_groups": [],
                "self": false,
                "to_port": 0
              }
            ],
            "id": "sg-0389aff6073fb59c2",
            "ingress": [
              {
                "cidr_blocks": [
                  "0.0.0.0/0"
                ],
                "description": "TLS from VPC",
                "from_port": 443,
                "ipv6_cidr_blocks": [],
                "prefix_list_ids": [],
                "protocol": "tcp",
                "security_groups": [],
                "self": false,
                "to_port": 443
              },
              {
                "cidr_blocks": [
                  "0.0.0.0/0"
                ],
                "description": "TLS from VPC",
                "from_port": 80,
                "ipv6_cidr_blocks": [],
                "prefix_list_ids": [],
                "protocol": "tcp",
                "security_groups": [],
                "self": false,
                "to_port": 80
              }
            ],
            "name": "allow_tls",
            "name_prefix": "",
            "owner_id": "404055573073",
            "revoke_rules_on_delete": false,
            "tags": {
              "Name": "Sokoshopper_project"
            },
            "timeouts": null,
            "vpc_id": "vpc-00604fe3bdb98be4c"
          },
          "private": "eyJlMmJmYjczMC1lY2FhLTExZTYtOGY4OC0zNDM2M2JjN2M0YzAiOnsiY3JlYXRlIjo2MDAwMDAwMDAwMDAsImRlbGV0ZSI6NjAwMDAwMDAwMDAwfSwic2NoZW1hX3ZlcnNpb24iOiIxIn0=",
          "dependencies": [
            "module.creating_vpc.aws_vpc.main_network"
          ],
          "create_before_destroy": true
        }
      ]
    },
    {
      "module": "module.creating_vpc",
      "mode": "managed",
      "type": "aws_subnet",
      "name": "private_subnet",
      "provider": "provider[\"registry.terraform.io/hashicorp/aws\"]",
      "instances": [
        {
          "schema_version": 1,
          "attributes": {
            "arn": "arn:aws:ec2:eu-central-1:404055573073:subnet/subnet-061d480a9afa9d8bf",
            "assign_ipv6_address_on_creation": false,
            "availability_zone": "eu-central-1b",
            "availability_zone_id": "euc1-az3",
            "cidr_block": "10.0.0.0/24",
            "id": "subnet-061d480a9afa9d8bf",
            "ipv6_cidr_block": "",
            "ipv6_cidr_block_association_id": "",
            "map_public_ip_on_launch": false,
            "outpost_arn": "",
            "owner_id": "404055573073",
            "tags": {
              "Name": "SokoShopper-private-network"
            },
            "timeouts": null,
            "vpc_id": "vpc-00604fe3bdb98be4c"
          },
          "private": "eyJlMmJmYjczMC1lY2FhLTExZTYtOGY4OC0zNDM2M2JjN2M0YzAiOnsiY3JlYXRlIjo2MDAwMDAwMDAwMDAsImRlbGV0ZSI6MTIwMDAwMDAwMDAwMH0sInNjaGVtYV92ZXJzaW9uIjoiMSJ9",
          "dependencies": [
            "module.creating_vpc.aws_vpc.main_network"
          ]
        }
      ]
    },
    {
      "module": "module.creating_vpc",
      "mode": "managed",
      "type": "aws_subnet",
      "name": "public_subnet_A",
      "provider": "provider[\"registry.terraform.io/hashicorp/aws\"]",
      "instances": [
        {
          "schema_version": 1,
          "attributes": {
            "arn": "arn:aws:ec2:eu-central-1:404055573073:subnet/subnet-0cb3b50a28cf306e3",
            "assign_ipv6_address_on_creation": false,
            "availability_zone": "eu-central-1b",
            "availability_zone_id": "euc1-az3",
            "cidr_block": "10.0.1.0/24",
            "id": "subnet-0cb3b50a28cf306e3",
            "ipv6_cidr_block": "",
            "ipv6_cidr_block_association_id": "",
            "map_public_ip_on_launch": false,
            "outpost_arn": "",
            "owner_id": "404055573073",
            "tags": {
              "Name": "SokoShopper-publicA-network"
            },
            "timeouts": null,
            "vpc_id": "vpc-00604fe3bdb98be4c"
          },
          "private": "eyJlMmJmYjczMC1lY2FhLTExZTYtOGY4OC0zNDM2M2JjN2M0YzAiOnsiY3JlYXRlIjo2MDAwMDAwMDAwMDAsImRlbGV0ZSI6MTIwMDAwMDAwMDAwMH0sInNjaGVtYV92ZXJzaW9uIjoiMSJ9",
          "dependencies": [
            "module.creating_vpc.aws_vpc.main_network"
          ]
        }
      ]
    },
    {
      "module": "module.creating_vpc",
      "mode": "managed",
      "type": "aws_subnet",
      "name": "public_subnet_B",
      "provider": "provider[\"registry.terraform.io/hashicorp/aws\"]",
      "instances": [
        {
          "schema_version": 1,
          "attributes": {
            "arn": "arn:aws:ec2:eu-central-1:404055573073:subnet/subnet-0f1891a391148cc4c",
            "assign_ipv6_address_on_creation": false,
            "availability_zone": "eu-central-1c",
            "availability_zone_id": "euc1-az1",
            "cidr_block": "10.0.2.0/24",
            "id": "subnet-0f1891a391148cc4c",
            "ipv6_cidr_block": "",
            "ipv6_cidr_block_association_id": "",
            "map_public_ip_on_launch": false,
            "outpost_arn": "",
            "owner_id": "404055573073",
            "tags": {
              "Name": "SokoShopper-publicB-network"
            },
            "timeouts": null,
            "vpc_id": "vpc-00604fe3bdb98be4c"
          },
          "private": "eyJlMmJmYjczMC1lY2FhLTExZTYtOGY4OC0zNDM2M2JjN2M0YzAiOnsiY3JlYXRlIjo2MDAwMDAwMDAwMDAsImRlbGV0ZSI6MTIwMDAwMDAwMDAwMH0sInNjaGVtYV92ZXJzaW9uIjoiMSJ9",
          "dependencies": [
            "module.creating_vpc.aws_vpc.main_network"
          ]
        }
      ]
    },
    {
      "module": "module.creating_vpc",
      "mode": "managed",
      "type": "aws_vpc",
      "name": "main_network",
      "provider": "provider[\"registry.terraform.io/hashicorp/aws\"]",
      "instances": [
        {
          "schema_version": 1,
          "attributes": {
            "arn": "arn:aws:ec2:eu-central-1:404055573073:vpc/vpc-00604fe3bdb98be4c",
            "assign_generated_ipv6_cidr_block": false,
            "cidr_block": "10.0.0.0/16",
            "default_network_acl_id": "acl-0ec5ee58c662094a2",
            "default_route_table_id": "rtb-0df4e506b222d23d4",
            "default_security_group_id": "sg-029eea40a33f5f219",
            "dhcp_options_id": "dopt-6e956c04",
            "enable_classiclink": null,
            "enable_classiclink_dns_support": null,
            "enable_dns_hostnames": false,
            "enable_dns_support": true,
            "id": "vpc-00604fe3bdb98be4c",
            "instance_tenancy": "default",
            "ipv6_association_id": "",
            "ipv6_cidr_block": "",
            "main_route_table_id": "rtb-0df4e506b222d23d4",
            "owner_id": "404055573073",
            "tags": {
              "Name": "SokoShopper-Network"
            }
          },
          "private": "eyJzY2hlbWFfdmVyc2lvbiI6IjEifQ==",
          "create_before_destroy": true
        }
      ]
    }
  ]
}
